
Microsoft Visual Studio Solution File, Format Version 12.00
Project("{FAE04EC0-301F-11D3-BF4B-00C04F79EFBC}") = "EndRoundFriendlyFire", "EndRoundFriendlyFire\EndRoundFriendlyFire.csproj", "{F7488473-D742-4344-9F9D-CF73BCE74063}"
EndProject
Global
	GlobalSection(SolutionConfigurationPlatforms) = preSolution
		Debug|Any CPU = Debug|Any CPU
		Release|Any CPU = Release|Any CPU
	EndGlobalSection
	GlobalSection(ProjectConfigurationPlatforms) = postSolution
		{F7488473-D742-4344-9F9D-CF73BCE74063}.Debug|Any CPU.ActiveCfg = Debug|Any CPU
		{F7488473-D742-4344-9F9D-CF73BCE74063}.Debug|Any CPU.Build.0 = Debug|Any CPU
		{F7488473-D742-4344-9F9D-CF73BCE74063}.Release|Any CPU.ActiveCfg = Release|Any CPU
		{F7488473-D742-4344-9F9D-CF73BCE74063}.Release|Any CPU.Build.0 = Release|Any CPU
	EndGlobalSection
EndGlobal
